# This file is autogenerated, do not edit; changes may be undone by the next 'dep ensure'.


[[projects]]
  branch = "master"
  name = "github.com/golang/glog"
  packages = ["."]
  revision = "23def4e6c14b4da8ac2ed8007337bc5eb5007998"

[[projects]]
  name = "github.com/spf13/pflag"
  packages = ["."]
  revision = "583c0c0531f06d5278b7d917446061adc344b5cd"
  version = "v1.0.1"

[[projects]]
  branch = "master"
  name = "golang.org/x/tools"
  packages = [
    "go/ast/astutil",
    "imports",
    "internal/fastwalk"
  ]
  revision = "465e6f399236d0ea2466584539d4eab4d3d83720"

[[projects]]
  branch = "master"
  name = "k8s.io/gengo"
  packages = [
    "args",
    "examples/set-gen/sets",
    "generator",
    "namer",
    "parser",
    "types"
  ]
  revision = "9667b67e4b895d34f09fad596d28f285e0197131"

[solve-meta]
  analyzer-name = "dep"
  analyzer-version = 1
  inputs-digest = "9d241d1aedfb3c4ec08d5348bf05f0ef767239d0f7fcc5d103b988d6b3e60500"
  solver-name = "gps-cdcl"
  solver-version = 1
